
Microsoft Visual Studio Solution File, Format Version 12.00
# Visual Studio 15
VisualStudioVersion = 15.0.28307.168
MinimumVisualStudioVersion = 10.0.40219.1
Project("{888888A0-9F3D-457C-B088-3A5042F75D52}") = "bettertestpy", "bettertestpy.pyproj", "{6EE62F0B-E5E2-4966-B2C5-EA3B7EECA9EA}"
EndProject
Global
	GlobalSection(SolutionConfigurationPlatforms) = preSolution
		Debug|Any CPU = Debug|Any CPU
		Release|Any CPU = Release|Any CPU
	EndGlobalSection
	GlobalSection(ProjectConfigurationPlatforms) = postSolution
		{6EE62F0B-E5E2-4966-B2C5-EA3B7EECA9EA}.Debug|Any CPU.ActiveCfg = Debug|Any CPU
		{6EE62F0B-E5E2-4966-B2C5-EA3B7EECA9EA}.Release|Any CPU.ActiveCfg = Release|Any CPU
	EndGlobalSection
	GlobalSection(SolutionProperties) = preSolution
		HideSolutionNode = FALSE
	EndGlobalSection
	GlobalSection(ExtensibilityGlobals) = postSolution
		SolutionGuid = {97655CCF-85A3-4797-B711-985451A32961}
	EndGlobalSection
EndGlobal
